
Microsoft Visual Studio Solution File, Format Version 12.00
# Visual Studio Version 17
VisualStudioVersion = 17.5.33530.505
MinimumVisualStudioVersion = 10.0.40219.1
Project("{9A19103F-16F7-4668-BE54-9A1E7A4F7556}") = "Netcore", "Netcore\Netcore.csproj", "{37444A45-1DD2-4982-ADEE-E75AA20A954F}"
EndProject
Project("{2150E333-8FDC-42A3-9474-1A3956D46DE8}") = "Infraesructure", "Infraesructure", "{4BBE6E2A-A533-477D-BC9B-CEC2305754A9}"
EndProject
Project("{2150E333-8FDC-42A3-9474-1A3956D46DE8}") = "Domain", "Domain", "{436B6C24-2E41-4EAD-8401-0AD20A55B1AF}"
	ProjectSection(SolutionItems) = preProject
		NetCore.Domain.Entities\ISystemInfo.cs = NetCore.Domain.Entities\ISystemInfo.cs
	EndProjectSection
EndProject
Project("{2150E333-8FDC-42A3-9474-1A3956D46DE8}") = "Services", "Services", "{14DC2FDF-029F-4AE6-87ED-1B5392080301}"
EndProject
Project("{9A19103F-16F7-4668-BE54-9A1E7A4F7556}") = "NetCore.Infraestructure.DataPersistence", "Netcore.Infraestructure.DataPersistence\NetCore.Infraestructure.DataPersistence.csproj", "{A019DECF-B43C-4FA8-BA82-F4C3E2BDF7FA}"
EndProject
Project("{9A19103F-16F7-4668-BE54-9A1E7A4F7556}") = "NetCore.Domain.Abstractions", "NetCore.Domain.Abstractions\NetCore.Domain.Abstractions.csproj", "{A0D5D22D-B3A1-4CBD-AC56-20AE101B2088}"
EndProject
Project("{9A19103F-16F7-4668-BE54-9A1E7A4F7556}") = "NetCore.Domain.Entities", "NetCore.Domain.Entities\NetCore.Domain.Entities.csproj", "{9FDB8AFC-EA1D-4A89-931E-B0E516681405}"
EndProject
Project("{9A19103F-16F7-4668-BE54-9A1E7A4F7556}") = "NetCore.Services.BusinessLogic", "NetCore.Services.BusinessLogic\NetCore.Services.BusinessLogic.csproj", "{8E0B038A-93C4-4E94-8E45-BB08353C7BEA}"
EndProject
Project("{2150E333-8FDC-42A3-9474-1A3956D46DE8}") = "Application", "Application", "{9534ED70-8CBA-4F60-9F5A-6DAF40FEAE78}"
EndProject
Project("{E24C65DC-7377-472B-9ABA-BC803B73C61A}") = "pedro-app", "..\..\pedro-app\", "{7822DD1D-6B80-40BE-B37A-9DE542F18996}"
	ProjectSection(WebsiteProperties) = preProject
		TargetFrameworkMoniker = ".NETFramework,Version%3Dv4.0"
		Debug.AspNetCompiler.VirtualPath = "/localhost_61192"
		Debug.AspNetCompiler.PhysicalPath = "..\..\pedro-app\"
		Debug.AspNetCompiler.TargetPath = "PrecompiledWeb\localhost_61192\"
		Debug.AspNetCompiler.Updateable = "true"
		Debug.AspNetCompiler.ForceOverwrite = "true"
		Debug.AspNetCompiler.FixedNames = "false"
		Debug.AspNetCompiler.Debug = "True"
		Release.AspNetCompiler.VirtualPath = "/localhost_61192"
		Release.AspNetCompiler.PhysicalPath = "..\..\pedro-app\"
		Release.AspNetCompiler.TargetPath = "PrecompiledWeb\localhost_61192\"
		Release.AspNetCompiler.Updateable = "true"
		Release.AspNetCompiler.ForceOverwrite = "true"
		Release.AspNetCompiler.FixedNames = "false"
		Release.AspNetCompiler.Debug = "False"
		VWDPort = "61192"
	EndProjectSection
EndProject
Global
	GlobalSection(SolutionConfigurationPlatforms) = preSolution
		Debug|Any CPU = Debug|Any CPU
		Release|Any CPU = Release|Any CPU
	EndGlobalSection
	GlobalSection(ProjectConfigurationPlatforms) = postSolution
		{37444A45-1DD2-4982-ADEE-E75AA20A954F}.Debug|Any CPU.ActiveCfg = Debug|Any CPU
		{37444A45-1DD2-4982-ADEE-E75AA20A954F}.Debug|Any CPU.Build.0 = Debug|Any CPU
		{37444A45-1DD2-4982-ADEE-E75AA20A954F}.Release|Any CPU.ActiveCfg = Release|Any CPU
		{37444A45-1DD2-4982-ADEE-E75AA20A954F}.Release|Any CPU.Build.0 = Release|Any CPU
		{A019DECF-B43C-4FA8-BA82-F4C3E2BDF7FA}.Debug|Any CPU.ActiveCfg = Debug|Any CPU
		{A019DECF-B43C-4FA8-BA82-F4C3E2BDF7FA}.Debug|Any CPU.Build.0 = Debug|Any CPU
		{A019DECF-B43C-4FA8-BA82-F4C3E2BDF7FA}.Release|Any CPU.ActiveCfg = Release|Any CPU
		{A019DECF-B43C-4FA8-BA82-F4C3E2BDF7FA}.Release|Any CPU.Build.0 = Release|Any CPU
		{A0D5D22D-B3A1-4CBD-AC56-20AE101B2088}.Debug|Any CPU.ActiveCfg = Debug|Any CPU
		{A0D5D22D-B3A1-4CBD-AC56-20AE101B2088}.Debug|Any CPU.Build.0 = Debug|Any CPU
		{A0D5D22D-B3A1-4CBD-AC56-20AE101B2088}.Release|Any CPU.ActiveCfg = Release|Any CPU
		{A0D5D22D-B3A1-4CBD-AC56-20AE101B2088}.Release|Any CPU.Build.0 = Release|Any CPU
		{9FDB8AFC-EA1D-4A89-931E-B0E516681405}.Debug|Any CPU.ActiveCfg = Debug|Any CPU
		{9FDB8AFC-EA1D-4A89-931E-B0E516681405}.Debug|Any CPU.Build.0 = Debug|Any CPU
		{9FDB8AFC-EA1D-4A89-931E-B0E516681405}.Release|Any CPU.ActiveCfg = Release|Any CPU
		{9FDB8AFC-EA1D-4A89-931E-B0E516681405}.Release|Any CPU.Build.0 = Release|Any CPU
		{8E0B038A-93C4-4E94-8E45-BB08353C7BEA}.Debug|Any CPU.ActiveCfg = Debug|Any CPU
		{8E0B038A-93C4-4E94-8E45-BB08353C7BEA}.Debug|Any CPU.Build.0 = Debug|Any CPU
		{8E0B038A-93C4-4E94-8E45-BB08353C7BEA}.Release|Any CPU.ActiveCfg = Release|Any CPU
		{8E0B038A-93C4-4E94-8E45-BB08353C7BEA}.Release|Any CPU.Build.0 = Release|Any CPU
		{7822DD1D-6B80-40BE-B37A-9DE542F18996}.Debug|Any CPU.ActiveCfg = Debug|Any CPU
		{7822DD1D-6B80-40BE-B37A-9DE542F18996}.Debug|Any CPU.Build.0 = Debug|Any CPU
		{7822DD1D-6B80-40BE-B37A-9DE542F18996}.Release|Any CPU.ActiveCfg = Debug|Any CPU
		{7822DD1D-6B80-40BE-B37A-9DE542F18996}.Release|Any CPU.Build.0 = Debug|Any CPU
	EndGlobalSection
	GlobalSection(SolutionProperties) = preSolution
		HideSolutionNode = FALSE
	EndGlobalSection
	GlobalSection(NestedProjects) = preSolution
		{A019DECF-B43C-4FA8-BA82-F4C3E2BDF7FA} = {4BBE6E2A-A533-477D-BC9B-CEC2305754A9}
		{A0D5D22D-B3A1-4CBD-AC56-20AE101B2088} = {436B6C24-2E41-4EAD-8401-0AD20A55B1AF}
		{9FDB8AFC-EA1D-4A89-931E-B0E516681405} = {436B6C24-2E41-4EAD-8401-0AD20A55B1AF}
		{8E0B038A-93C4-4E94-8E45-BB08353C7BEA} = {14DC2FDF-029F-4AE6-87ED-1B5392080301}
		{7822DD1D-6B80-40BE-B37A-9DE542F18996} = {9534ED70-8CBA-4F60-9F5A-6DAF40FEAE78}
	EndGlobalSection
	GlobalSection(ExtensibilityGlobals) = postSolution
		SolutionGuid = {394A29CD-B99B-4460-9ED9-D04A9A552151}
	EndGlobalSection
EndGlobal
